
Microsoft Visual Studio Solution File, Format Version 12.00
# Visual Studio 14
VisualStudioVersion = 14.0.25420.1
MinimumVisualStudioVersion = 10.0.40219.1
Project("{FAE04EC0-301F-11D3-BF4B-00C04F79EFBC}") = "UnityUtils", "UnityUtils\UnityUtils.csproj", "{EE37FDD1-D1CD-4D3F-B563-733F386BA947}"
EndProject
Project("{FAE04EC0-301F-11D3-BF4B-00C04F79EFBC}") = "Utils", "Utils\Utils.csproj", "{34B54E00-DF35-4414-8E6F-59A24C895925}"
EndProject
Project("{FAE04EC0-301F-11D3-BF4B-00C04F79EFBC}") = "DALUtils", "DAL\DALUtils\DALUtils.csproj", "{B507C4BE-4BF4-4BE6-85C6-5FC30E6B0110}"
EndProject
Project("{FAE04EC0-301F-11D3-BF4B-00C04F79EFBC}") = "DALUtils.EF", "DAL\DALUtils.EF\DALUtils.EF.csproj", "{656CCCE2-AF08-4A71-A2A3-299A0C28E0C8}"
EndProject
Project("{FAE04EC0-301F-11D3-BF4B-00C04F79EFBC}") = "DALUtils.SQLite", "DAL\DALUtils.SQLite\DALUtils.SQLite.csproj", "{2AE39305-011A-4096-883C-643CC7A76E28}"
EndProject
Project("{2150E333-8FDC-42A3-9474-1A3956D46DE8}") = "Video", "Video", "{757F4961-EFCF-4484-917B-BAFEF3092F0F}"
EndProject
Project("{FAE04EC0-301F-11D3-BF4B-00C04F79EFBC}") = "FFMpegWrapper", "Video\FFMpegWrapper\FFMpegWrapper.csproj", "{F406E510-2DC8-4742-80CD-551178081F56}"
EndProject
Project("{FAE04EC0-301F-11D3-BF4B-00C04F79EFBC}") = "Video.Utils", "Video\Video.Utils\Video.Utils.csproj", "{229AACED-E72F-4BBE-8071-56DA815E6578}"
EndProject
Project("{2150E333-8FDC-42A3-9474-1A3956D46DE8}") = "DAL", "DAL", "{FBA52BE8-955E-4DB9-8EA3-C7F7A9340721}"
EndProject
Project("{2150E333-8FDC-42A3-9474-1A3956D46DE8}") = "Tests", "Tests", "{1075CCFE-22C4-49C1-B051-9DC3797B2688}"
EndProject
Project("{FAE04EC0-301F-11D3-BF4B-00C04F79EFBC}") = "VideoTests", "Tests\VideoTests\VideoTests.csproj", "{42A7DF74-BCAE-4F9B-BADB-929E5BE11C6D}"
EndProject
Project("{FAE04EC0-301F-11D3-BF4B-00C04F79EFBC}") = "DALUtils.Tests", "Tests\DataTests\DALUtils.Tests\DALUtils.Tests.csproj", "{5E11D5DF-A681-4344-9FBB-4618280A0068}"
EndProject
Project("{2150E333-8FDC-42A3-9474-1A3956D46DE8}") = "DataTests", "DataTests", "{8A42BF62-8C18-4BD1-AF4C-8A3F21AF6942}"
EndProject
Project("{FAE04EC0-301F-11D3-BF4B-00C04F79EFBC}") = "TestModel", "Tests\DataTests\TestModel\TestModel.csproj", "{7238704D-9AA1-4B5E-8CB9-03E163DFAC51}"
EndProject
Project("{FAE04EC0-301F-11D3-BF4B-00C04F79EFBC}") = "YoutubeWrapper", "Video\YoutubeWrapper\YoutubeWrapper.csproj", "{F3256F5F-19EA-4C4D-91D9-1675591BEB30}"
EndProject
Global
	GlobalSection(SolutionConfigurationPlatforms) = preSolution
		Debug|Any CPU = Debug|Any CPU
		Release|Any CPU = Release|Any CPU
	EndGlobalSection
	GlobalSection(ProjectConfigurationPlatforms) = postSolution
		{EE37FDD1-D1CD-4D3F-B563-733F386BA947}.Debug|Any CPU.ActiveCfg = Debug|Any CPU
		{EE37FDD1-D1CD-4D3F-B563-733F386BA947}.Debug|Any CPU.Build.0 = Debug|Any CPU
		{EE37FDD1-D1CD-4D3F-B563-733F386BA947}.Release|Any CPU.ActiveCfg = Release|Any CPU
		{EE37FDD1-D1CD-4D3F-B563-733F386BA947}.Release|Any CPU.Build.0 = Release|Any CPU
		{34B54E00-DF35-4414-8E6F-59A24C895925}.Debug|Any CPU.ActiveCfg = Debug|Any CPU
		{34B54E00-DF35-4414-8E6F-59A24C895925}.Debug|Any CPU.Build.0 = Debug|Any CPU
		{34B54E00-DF35-4414-8E6F-59A24C895925}.Release|Any CPU.ActiveCfg = Release|Any CPU
		{34B54E00-DF35-4414-8E6F-59A24C895925}.Release|Any CPU.Build.0 = Release|Any CPU
		{B507C4BE-4BF4-4BE6-85C6-5FC30E6B0110}.Debug|Any CPU.ActiveCfg = Debug|Any CPU
		{B507C4BE-4BF4-4BE6-85C6-5FC30E6B0110}.Debug|Any CPU.Build.0 = Debug|Any CPU
		{B507C4BE-4BF4-4BE6-85C6-5FC30E6B0110}.Release|Any CPU.ActiveCfg = Release|Any CPU
		{B507C4BE-4BF4-4BE6-85C6-5FC30E6B0110}.Release|Any CPU.Build.0 = Release|Any CPU
		{656CCCE2-AF08-4A71-A2A3-299A0C28E0C8}.Debug|Any CPU.ActiveCfg = Debug|Any CPU
		{656CCCE2-AF08-4A71-A2A3-299A0C28E0C8}.Debug|Any CPU.Build.0 = Debug|Any CPU
		{656CCCE2-AF08-4A71-A2A3-299A0C28E0C8}.Release|Any CPU.ActiveCfg = Release|Any CPU
		{656CCCE2-AF08-4A71-A2A3-299A0C28E0C8}.Release|Any CPU.Build.0 = Release|Any CPU
		{2AE39305-011A-4096-883C-643CC7A76E28}.Debug|Any CPU.ActiveCfg = Debug|Any CPU
		{2AE39305-011A-4096-883C-643CC7A76E28}.Debug|Any CPU.Build.0 = Debug|Any CPU
		{2AE39305-011A-4096-883C-643CC7A76E28}.Release|Any CPU.ActiveCfg = Release|Any CPU
		{2AE39305-011A-4096-883C-643CC7A76E28}.Release|Any CPU.Build.0 = Release|Any CPU
		{F406E510-2DC8-4742-80CD-551178081F56}.Debug|Any CPU.ActiveCfg = Debug|Any CPU
		{F406E510-2DC8-4742-80CD-551178081F56}.Debug|Any CPU.Build.0 = Debug|Any CPU
		{F406E510-2DC8-4742-80CD-551178081F56}.Release|Any CPU.ActiveCfg = Release|Any CPU
		{F406E510-2DC8-4742-80CD-551178081F56}.Release|Any CPU.Build.0 = Release|Any CPU
		{229AACED-E72F-4BBE-8071-56DA815E6578}.Debug|Any CPU.ActiveCfg = Debug|Any CPU
		{229AACED-E72F-4BBE-8071-56DA815E6578}.Debug|Any CPU.Build.0 = Debug|Any CPU
		{229AACED-E72F-4BBE-8071-56DA815E6578}.Release|Any CPU.ActiveCfg = Release|Any CPU
		{229AACED-E72F-4BBE-8071-56DA815E6578}.Release|Any CPU.Build.0 = Release|Any CPU
		{42A7DF74-BCAE-4F9B-BADB-929E5BE11C6D}.Debug|Any CPU.ActiveCfg = Debug|Any CPU
		{42A7DF74-BCAE-4F9B-BADB-929E5BE11C6D}.Debug|Any CPU.Build.0 = Debug|Any CPU
		{42A7DF74-BCAE-4F9B-BADB-929E5BE11C6D}.Release|Any CPU.ActiveCfg = Release|Any CPU
		{42A7DF74-BCAE-4F9B-BADB-929E5BE11C6D}.Release|Any CPU.Build.0 = Release|Any CPU
		{5E11D5DF-A681-4344-9FBB-4618280A0068}.Debug|Any CPU.ActiveCfg = Debug|Any CPU
		{5E11D5DF-A681-4344-9FBB-4618280A0068}.Debug|Any CPU.Build.0 = Debug|Any CPU
		{5E11D5DF-A681-4344-9FBB-4618280A0068}.Release|Any CPU.ActiveCfg = Release|Any CPU
		{5E11D5DF-A681-4344-9FBB-4618280A0068}.Release|Any CPU.Build.0 = Release|Any CPU
		{7238704D-9AA1-4B5E-8CB9-03E163DFAC51}.Debug|Any CPU.ActiveCfg = Debug|Any CPU
		{7238704D-9AA1-4B5E-8CB9-03E163DFAC51}.Debug|Any CPU.Build.0 = Debug|Any CPU
		{7238704D-9AA1-4B5E-8CB9-03E163DFAC51}.Release|Any CPU.ActiveCfg = Release|Any CPU
		{7238704D-9AA1-4B5E-8CB9-03E163DFAC51}.Release|Any CPU.Build.0 = Release|Any CPU
		{F3256F5F-19EA-4C4D-91D9-1675591BEB30}.Debug|Any CPU.ActiveCfg = Debug|Any CPU
		{F3256F5F-19EA-4C4D-91D9-1675591BEB30}.Debug|Any CPU.Build.0 = Debug|Any CPU
		{F3256F5F-19EA-4C4D-91D9-1675591BEB30}.Release|Any CPU.ActiveCfg = Release|Any CPU
		{F3256F5F-19EA-4C4D-91D9-1675591BEB30}.Release|Any CPU.Build.0 = Release|Any CPU
	EndGlobalSection
	GlobalSection(SolutionProperties) = preSolution
		HideSolutionNode = FALSE
	EndGlobalSection
	GlobalSection(NestedProjects) = preSolution
		{B507C4BE-4BF4-4BE6-85C6-5FC30E6B0110} = {FBA52BE8-955E-4DB9-8EA3-C7F7A9340721}
		{656CCCE2-AF08-4A71-A2A3-299A0C28E0C8} = {FBA52BE8-955E-4DB9-8EA3-C7F7A9340721}
		{2AE39305-011A-4096-883C-643CC7A76E28} = {FBA52BE8-955E-4DB9-8EA3-C7F7A9340721}
		{F406E510-2DC8-4742-80CD-551178081F56} = {757F4961-EFCF-4484-917B-BAFEF3092F0F}
		{229AACED-E72F-4BBE-8071-56DA815E6578} = {757F4961-EFCF-4484-917B-BAFEF3092F0F}
		{42A7DF74-BCAE-4F9B-BADB-929E5BE11C6D} = {1075CCFE-22C4-49C1-B051-9DC3797B2688}
		{5E11D5DF-A681-4344-9FBB-4618280A0068} = {8A42BF62-8C18-4BD1-AF4C-8A3F21AF6942}
		{8A42BF62-8C18-4BD1-AF4C-8A3F21AF6942} = {1075CCFE-22C4-49C1-B051-9DC3797B2688}
		{7238704D-9AA1-4B5E-8CB9-03E163DFAC51} = {8A42BF62-8C18-4BD1-AF4C-8A3F21AF6942}
		{F3256F5F-19EA-4C4D-91D9-1675591BEB30} = {757F4961-EFCF-4484-917B-BAFEF3092F0F}
	EndGlobalSection
EndGlobal
